
Microsoft Visual Studio Solution File, Format Version 12.00
# Visual Studio Version 17
VisualStudioVersion = 17.14.36109.1 d17.14
MinimumVisualStudioVersion = 10.0.40219.1
Project("{FAE04EC0-301F-11D3-BF4B-00C04F79EFBC}") = "TRAVELLA_PBO_TA", "TRAVELLA_PBO_TA\TRAVELLA_PBO_TA.csproj", "{B36DAF46-91D8-4039-AD1B-F2A1CDF0D4D0}"
EndProject
Global
	GlobalSection(SolutionConfigurationPlatforms) = preSolution
		Debug|Any CPU = Debug|Any CPU
		Release|Any CPU = Release|Any CPU
	EndGlobalSection
	GlobalSection(ProjectConfigurationPlatforms) = postSolution
		{B36DAF46-91D8-4039-AD1B-F2A1CDF0D4D0}.Debug|Any CPU.ActiveCfg = Debug|Any CPU
		{B36DAF46-91D8-4039-AD1B-F2A1CDF0D4D0}.Debug|Any CPU.Build.0 = Debug|Any CPU
		{B36DAF46-91D8-4039-AD1B-F2A1CDF0D4D0}.Release|Any CPU.ActiveCfg = Release|Any CPU
		{B36DAF46-91D8-4039-AD1B-F2A1CDF0D4D0}.Release|Any CPU.Build.0 = Release|Any CPU
	EndGlobalSection
	GlobalSection(SolutionProperties) = preSolution
		HideSolutionNode = FALSE
	EndGlobalSection
	GlobalSection(ExtensibilityGlobals) = postSolution
		SolutionGuid = {CD8FF60E-C2CD-4297-8CF3-90198FA9A4E0}
	EndGlobalSection
EndGlobal
